
Microsoft Visual Studio Solution File, Format Version 12.00
# Visual Studio Version 17
VisualStudioVersion = 17.7.34031.279
MinimumVisualStudioVersion = 10.0.40219.1
Project("{FAE04EC0-301F-11D3-BF4B-00C04F79EFBC}") = "Domowik - WebAPI", "Domowik - WebAPI\Domowik - WebAPI.csproj", "{D70E0CC4-EE5D-4FC4-BDE5-C36EEC3D2626}"
EndProject
Global
	GlobalSection(SolutionConfigurationPlatforms) = preSolution
		Debug|Any CPU = Debug|Any CPU
		Release|Any CPU = Release|Any CPU
	EndGlobalSection
	GlobalSection(ProjectConfigurationPlatforms) = postSolution
		{D70E0CC4-EE5D-4FC4-BDE5-C36EEC3D2626}.Debug|Any CPU.ActiveCfg = Debug|Any CPU
		{D70E0CC4-EE5D-4FC4-BDE5-C36EEC3D2626}.Debug|Any CPU.Build.0 = Debug|Any CPU
		{D70E0CC4-EE5D-4FC4-BDE5-C36EEC3D2626}.Release|Any CPU.ActiveCfg = Release|Any CPU
		{D70E0CC4-EE5D-4FC4-BDE5-C36EEC3D2626}.Release|Any CPU.Build.0 = Release|Any CPU
	EndGlobalSection
	GlobalSection(SolutionProperties) = preSolution
		HideSolutionNode = FALSE
	EndGlobalSection
	GlobalSection(ExtensibilityGlobals) = postSolution
		SolutionGuid = {0E0713E4-826D-43BD-9595-50794EDF3821}
	EndGlobalSection
EndGlobal
