
Microsoft Visual Studio Solution File, Format Version 12.00
# Visual Studio Version 17
VisualStudioVersion = 17.4.33213.308
MinimumVisualStudioVersion = 10.0.40219.1
Project("{2150E333-8FDC-42A3-9474-1A3956D46DE8}") = "Modules", "Modules", "{B71ABF84-88F3-4A72-8E90-AA7413550AC8}"
EndProject
Project("{2150E333-8FDC-42A3-9474-1A3956D46DE8}") = "Users", "Users", "{65D187B9-F0AF-402D-8075-1F34FA990EB3}"
EndProject
Project("{9A19103F-16F7-4668-BE54-9A1E7A4F7556}") = "Domowik.Modules.Users.Api", "src\Modules\Users\Domowik.Modules.Users.Api\Domowik.Modules.Users.Api.csproj", "{6A78DB4D-F56E-4307-869B-DFB6A4FBF8E9}"
EndProject
Project("{9A19103F-16F7-4668-BE54-9A1E7A4F7556}") = "Domowik.Bootstrapper", "src\Domowik.Bootstrapper\Domowik.Bootstrapper.csproj", "{F92E4B51-2A21-4686-B0C2-EAA6DA0CF08E}"
EndProject
Project("{FAE04EC0-301F-11D3-BF4B-00C04F79EFBC}") = "Domowik.Modules.Users.Core", "src\Modules\Users\Domowik.Modules.Users.Core\Domowik.Modules.Users.Core.csproj", "{CCCD45A1-6AA0-4453-BFFE-99EBBF6920BF}"
EndProject
Project("{FAE04EC0-301F-11D3-BF4B-00C04F79EFBC}") = "Domowik.Shared", "src\Domowik.Shared\Domowik.Shared.csproj", "{784FFD2B-DC2D-4E87-B8B4-D3F6E6A6DF7D}"
EndProject
Project("{FAE04EC0-301F-11D3-BF4B-00C04F79EFBC}") = "Domowik.Modules.Users.Shared", "src\Modules\Users\Domowik.Modules.Users.Shared\Domowik.Modules.Users.Shared.csproj", "{281850F7-F511-4D3D-AA87-2F8624CD0AD3}"
EndProject
Global
	GlobalSection(SolutionConfigurationPlatforms) = preSolution
		Debug|Any CPU = Debug|Any CPU
		Release|Any CPU = Release|Any CPU
	EndGlobalSection
	GlobalSection(ProjectConfigurationPlatforms) = postSolution
		{6A78DB4D-F56E-4307-869B-DFB6A4FBF8E9}.Debug|Any CPU.ActiveCfg = Debug|Any CPU
		{6A78DB4D-F56E-4307-869B-DFB6A4FBF8E9}.Debug|Any CPU.Build.0 = Debug|Any CPU
		{6A78DB4D-F56E-4307-869B-DFB6A4FBF8E9}.Release|Any CPU.ActiveCfg = Release|Any CPU
		{6A78DB4D-F56E-4307-869B-DFB6A4FBF8E9}.Release|Any CPU.Build.0 = Release|Any CPU
		{F92E4B51-2A21-4686-B0C2-EAA6DA0CF08E}.Debug|Any CPU.ActiveCfg = Debug|Any CPU
		{F92E4B51-2A21-4686-B0C2-EAA6DA0CF08E}.Debug|Any CPU.Build.0 = Debug|Any CPU
		{F92E4B51-2A21-4686-B0C2-EAA6DA0CF08E}.Release|Any CPU.ActiveCfg = Release|Any CPU
		{F92E4B51-2A21-4686-B0C2-EAA6DA0CF08E}.Release|Any CPU.Build.0 = Release|Any CPU
		{CCCD45A1-6AA0-4453-BFFE-99EBBF6920BF}.Debug|Any CPU.ActiveCfg = Debug|Any CPU
		{CCCD45A1-6AA0-4453-BFFE-99EBBF6920BF}.Debug|Any CPU.Build.0 = Debug|Any CPU
		{CCCD45A1-6AA0-4453-BFFE-99EBBF6920BF}.Release|Any CPU.ActiveCfg = Release|Any CPU
		{CCCD45A1-6AA0-4453-BFFE-99EBBF6920BF}.Release|Any CPU.Build.0 = Release|Any CPU
		{784FFD2B-DC2D-4E87-B8B4-D3F6E6A6DF7D}.Debug|Any CPU.ActiveCfg = Debug|Any CPU
		{784FFD2B-DC2D-4E87-B8B4-D3F6E6A6DF7D}.Debug|Any CPU.Build.0 = Debug|Any CPU
		{784FFD2B-DC2D-4E87-B8B4-D3F6E6A6DF7D}.Release|Any CPU.ActiveCfg = Release|Any CPU
		{784FFD2B-DC2D-4E87-B8B4-D3F6E6A6DF7D}.Release|Any CPU.Build.0 = Release|Any CPU
		{281850F7-F511-4D3D-AA87-2F8624CD0AD3}.Debug|Any CPU.ActiveCfg = Debug|Any CPU
		{281850F7-F511-4D3D-AA87-2F8624CD0AD3}.Debug|Any CPU.Build.0 = Debug|Any CPU
		{281850F7-F511-4D3D-AA87-2F8624CD0AD3}.Release|Any CPU.ActiveCfg = Release|Any CPU
		{281850F7-F511-4D3D-AA87-2F8624CD0AD3}.Release|Any CPU.Build.0 = Release|Any CPU
	EndGlobalSection
	GlobalSection(SolutionProperties) = preSolution
		HideSolutionNode = FALSE
	EndGlobalSection
	GlobalSection(NestedProjects) = preSolution
		{65D187B9-F0AF-402D-8075-1F34FA990EB3} = {B71ABF84-88F3-4A72-8E90-AA7413550AC8}
		{6A78DB4D-F56E-4307-869B-DFB6A4FBF8E9} = {65D187B9-F0AF-402D-8075-1F34FA990EB3}
		{CCCD45A1-6AA0-4453-BFFE-99EBBF6920BF} = {65D187B9-F0AF-402D-8075-1F34FA990EB3}
		{281850F7-F511-4D3D-AA87-2F8624CD0AD3} = {65D187B9-F0AF-402D-8075-1F34FA990EB3}
	EndGlobalSection
	GlobalSection(ExtensibilityGlobals) = postSolution
		SolutionGuid = {D4C893B8-E880-41C8-A375-AAB462438C40}
	EndGlobalSection
EndGlobal
